// !$*UTF8*$!
{
	archiveVersion = 1;
	classes = {
	};
	objectVersion = 56;
	objects = {

/* Begin PBXBuildFile section */
		375D0A172A14417E0054A58F /* GameService.swift in Sources */ = {isa = PBXBuildFile; fileRef = 375D0A162A14417E0054A58F /* GameService.swift */; };
		375D0A192A144A9B0054A58F /* GameSquare.swift in Sources */ = {isa = PBXBuildFile; fileRef = 375D0A182A144A9B0054A58F /* GameSquare.swift */; };
		375D0A1D2A144E730054A58F /* SquareView.swift in Sources */ = {isa = PBXBuildFile; fileRef = 375D0A1C2A144E730054A58F /* SquareView.swift */; };
		375D0A1F2A1473390054A58F /* YourNameView.swift in Sources */ = {isa = PBXBuildFile; fileRef = 375D0A1E2A1473390054A58F /* YourNameView.swift */; };
		3785A4422A13E5A000F8CC39 /* AppEntry.swift in Sources */ = {isa = PBXBuildFile; fileRef = 3785A4412A13E5A000F8CC39 /* AppEntry.swift */; };
		3785A4442A13E5A000F8CC39 /* StartView.swift in Sources */ = {isa = PBXBuildFile; fileRef = 3785A4432A13E5A000F8CC39 /* StartView.swift */; };
		3785A4462A13E5A100F8CC39 /* Assets.xcassets in Resources */ = {isa = PBXBuildFile; fileRef = 3785A4452A13E5A100F8CC39 /* Assets.xcassets */; };
		3785A4492A13E5A100F8CC39 /* Preview Assets.xcassets in Resources */ = {isa = PBXBuildFile; fileRef = 3785A4482A13E5A100F8CC39 /* Preview Assets.xcassets */; };
		3785A4502A13E99F00F8CC39 /* Launch Screen.storyboard in Resources */ = {isa = PBXBuildFile; fileRef = 3785A44F2A13E99F00F8CC39 /* Launch Screen.storyboard */; };
		3785A4532A13EC8900F8CC39 /* GameModels.swift in Sources */ = {isa = PBXBuildFile; fileRef = 3785A4522A13EC8900F8CC39 /* GameModels.swift */; };
		3785A4562A13F5DC00F8CC39 /* ViewModifiers.swift in Sources */ = {isa = PBXBuildFile; fileRef = 3785A4552A13F5DC00F8CC39 /* ViewModifiers.swift */; };
		3785A4592A13F80000F8CC39 /* GameView.swift in Sources */ = {isa = PBXBuildFile; fileRef = 3785A4582A13F80000F8CC39 /* GameView.swift */; };
/* End PBXBuildFile section */

/* Begin PBXFileReference section */
		375D0A162A14417E0054A58F /* GameService.swift */ = {isa = PBXFileReference; lastKnownFileType = sourcecode.swift; path = GameService.swift; sourceTree = "<group>"; };
		375D0A182A144A9B0054A58F /* GameSquare.swift */ = {isa = PBXFileReference; lastKnownFileType = sourcecode.swift; path = GameSquare.swift; sourceTree = "<group>"; };
		375D0A1C2A144E730054A58F /* SquareView.swift */ = {isa = PBXFileReference; lastKnownFileType = sourcecode.swift; path = SquareView.swift; sourceTree = "<group>"; };
		375D0A1E2A1473390054A58F /* YourNameView.swift */ = {isa = PBXFileReference; lastKnownFileType = sourcecode.swift; path = YourNameView.swift; sourceTree = "<group>"; };
		3785A43E2A13E5A000F8CC39 /* TicTacToe.app */ = {isa = PBXFileReference; explicitFileType = wrapper.application; includeInIndex = 0; path = TicTacToe.app; sourceTree = BUILT_PRODUCTS_DIR; };
		3785A4412A13E5A000F8CC39 /* AppEntry.swift */ = {isa = PBXFileReference; lastKnownFileType = sourcecode.swift; path = AppEntry.swift; sourceTree = "<group>"; };
		3785A4432A13E5A000F8CC39 /* StartView.swift */ = {isa = PBXFileReference; lastKnownFileType = sourcecode.swift; path = StartView.swift; sourceTree = "<group>"; };
		3785A4452A13E5A100F8CC39 /* Assets.xcassets */ = {isa = PBXFileReference; lastKnownFileType = folder.assetcatalog; path = Assets.xcassets; sourceTree = "<group>"; };
		3785A4482A13E5A100F8CC39 /* Preview Assets.xcassets */ = {isa = PBXFileReference; lastKnownFileType = folder.assetcatalog; path = "Preview Assets.xcassets"; sourceTree = "<group>"; };
		3785A44F2A13E99F00F8CC39 /* Launch Screen.storyboard */ = {isa = PBXFileReference; lastKnownFileType = file.storyboard; path = "Launch Screen.storyboard"; sourceTree = "<group>"; };
		3785A4522A13EC8900F8CC39 /* GameModels.swift */ = {isa = PBXFileReference; lastKnownFileType = sourcecode.swift; path = GameModels.swift; sourceTree = "<group>"; };
		3785A4552A13F5DC00F8CC39 /* ViewModifiers.swift */ = {isa = PBXFileReference; lastKnownFileType = sourcecode.swift; path = ViewModifiers.swift; sourceTree = "<group>"; };
		3785A4582A13F80000F8CC39 /* GameView.swift */ = {isa = PBXFileReference; lastKnownFileType = sourcecode.swift; path = GameView.swift; sourceTree = "<group>"; };
/* End PBXFileReference section */

/* Begin PBXFrameworksBuildPhase section */
		3785A43B2A13E5A000F8CC39 /* Frameworks */ = {
			isa = PBXFrameworksBuildPhase;
			buildActionMask = 2147483647;
			files = (
			);
			runOnlyForDeploymentPostprocessing = 0;
		};
/* End PBXFrameworksBuildPhase section */

/* Begin PBXGroup section */
		3785A4352A13E5A000F8CC39 = {
			isa = PBXGroup;
			children = (
				3785A4402A13E5A000F8CC39 /* TicTacToe */,
				3785A43F2A13E5A000F8CC39 /* Products */,
			);
			sourceTree = "<group>";
		};
		3785A43F2A13E5A000F8CC39 /* Products */ = {
			isa = PBXGroup;
			children = (
				3785A43E2A13E5A000F8CC39 /* TicTacToe.app */,
			);
			name = Products;
			sourceTree = "<group>";
		};
		3785A4402A13E5A000F8CC39 /* TicTacToe */ = {
			isa = PBXGroup;
			children = (
				3785A4572A13F7E100F8CC39 /* GameScreen */,
				3785A4542A13F57D00F8CC39 /* Utilities */,
				3785A4512A13EC6600F8CC39 /* Models */,
				3785A4412A13E5A000F8CC39 /* AppEntry.swift */,
				3785A4432A13E5A000F8CC39 /* StartView.swift */,
				375D0A1E2A1473390054A58F /* YourNameView.swift */,
				3785A44F2A13E99F00F8CC39 /* Launch Screen.storyboard */,
				3785A4452A13E5A100F8CC39 /* Assets.xcassets */,
				3785A4472A13E5A100F8CC39 /* Preview Content */,
			);
			path = TicTacToe;
			sourceTree = "<group>";
		};
		3785A4472A13E5A100F8CC39 /* Preview Content */ = {
			isa = PBXGroup;
			children = (
				3785A4482A13E5A100F8CC39 /* Preview Assets.xcassets */,
			);
			path = "Preview Content";
			sourceTree = "<group>";
		};
		3785A4512A13EC6600F8CC39 /* Models */ = {
			isa = PBXGroup;
			children = (
				3785A4522A13EC8900F8CC39 /* GameModels.swift */,
			);
			path = Models;
			sourceTree = "<group>";
		};
		3785A4542A13F57D00F8CC39 /* Utilities */ = {
			isa = PBXGroup;
			children = (
				3785A4552A13F5DC00F8CC39 /* ViewModifiers.swift */,
			);
			path = Utilities;
			sourceTree = "<group>";
		};
		3785A4572A13F7E100F8CC39 /* GameScreen */ = {
			isa = PBXGroup;
			children = (
				3785A4582A13F80000F8CC39 /* GameView.swift */,
				375D0A162A14417E0054A58F /* GameService.swift */,
				375D0A182A144A9B0054A58F /* GameSquare.swift */,
				375D0A1C2A144E730054A58F /* SquareView.swift */,
			);
			path = GameScreen;
			sourceTree = "<group>";
		};
/* End PBXGroup section */

/* Begin PBXNativeTarget section */
		3785A43D2A13E5A000F8CC39 /* TicTacToe */ = {
			isa = PBXNativeTarget;
			buildConfigurationList = 3785A44C2A13E5A100F8CC39 /* Build configuration list for PBXNativeTarget "TicTacToe" */;
			buildPhases = (
				3785A43A2A13E5A000F8CC39 /* Sources */,
				3785A43B2A13E5A000F8CC39 /* Frameworks */,
				3785A43C2A13E5A000F8CC39 /* Resources */,
			);
			buildRules = (
			);
			dependencies = (
			);
			name = TicTacToe;
			productName = TicTacToe;
			productReference = 3785A43E2A13E5A000F8CC39 /* TicTacToe.app */;
			productType = "com.apple.product-type.application";
		};
/* End PBXNativeTarget section */

/* Begin PBXProject section */
		3785A4362A13E5A000F8CC39 /* Project object */ = {
			isa = PBXProject;
			attributes = {
				BuildIndependentTargetsInParallel = 1;
				LastSwiftUpdateCheck = 1400;
				LastUpgradeCheck = 1400;
				TargetAttributes = {
					3785A43D2A13E5A000F8CC39 = {
						CreatedOnToolsVersion = 14.0.1;
					};
				};
			};
			buildConfigurationList = 3785A4392A13E5A000F8CC39 /* Build configuration list for PBXProject "TicTacToe" */;
			compatibilityVersion = "Xcode 14.0";
			developmentRegion = en;
			hasScannedForEncodings = 0;
			knownRegions = (
				en,
				Base,
			);
			mainGroup = 3785A4352A13E5A000F8CC39;
			productRefGroup = 3785A43F2A13E5A000F8CC39 /* Products */;
			projectDirPath = "";
			projectRoot = "";
			targets = (
				3785A43D2A13E5A000F8CC39 /* TicTacToe */,
			);
		};
/* End PBXProject section */

/* Begin PBXResourcesBuildPhase section */
		3785A43C2A13E5A000F8CC39 /* Resources */ = {
			isa = PBXResourcesBuildPhase;
			buildActionMask = 2147483647;
			files = (
				3785A4502A13E99F00F8CC39 /* Launch Screen.storyboard in Resources */,
				3785A4492A13E5A100F8CC39 /* Preview Assets.xcassets in Resources */,
				3785A4462A13E5A100F8CC39 /* Assets.xcassets in Resources */,
			);
			runOnlyForDeploymentPostprocessing = 0;
		};
/* End PBXResourcesBuildPhase section */

/* Begin PBXSourcesBuildPhase section */
		3785A43A2A13E5A000F8CC39 /* Sources */ = {
			isa = PBXSourcesBuildPhase;
			buildActionMask = 2147483647;
			files = (
				375D0A1F2A1473390054A58F /* YourNameView.swift in Sources */,
				3785A4442A13E5A000F8CC39 /* StartView.swift in Sources */,
				3785A4532A13EC8900F8CC39 /* GameModels.swift in Sources */,
				3785A4422A13E5A000F8CC39 /* AppEntry.swift in Sources */,
				375D0A172A14417E0054A58F /* GameService.swift in Sources */,
				3785A4562A13F5DC00F8CC39 /* ViewModifiers.swift in Sources */,
				3785A4592A13F80000F8CC39 /* GameView.swift in Sources */,
				375D0A192A144A9B0054A58F /* GameSquare.swift in Sources */,
				375D0A1D2A144E730054A58F /* SquareView.swift in Sources */,
			);
			runOnlyForDeploymentPostprocessing = 0;
		};
/* End PBXSourcesBuildPhase section */

/* Begin XCBuildConfiguration section */
		3785A44A2A13E5A100F8CC39 /* Debug */ = {
			isa = XCBuildConfiguration;
			buildSettings = {
				ALWAYS_SEARCH_USER_PATHS = NO;
				CLANG_ANALYZER_NONNULL = YES;
				CLANG_ANALYZER_NUMBER_OBJECT_CONVERSION = YES_AGGRESSIVE;
				CLANG_CXX_LANGUAGE_STANDARD = "gnu++20";
				CLANG_ENABLE_MODULES = YES;
				CLANG_ENABLE_OBJC_ARC = YES;
				CLANG_ENABLE_OBJC_WEAK = YES;
				CLANG_WARN_BLOCK_CAPTURE_AUTORELEASING = YES;
				CLANG_WARN_BOOL_CONVERSION = YES;
				CLANG_WARN_COMMA = YES;
				CLANG_WARN_CONSTANT_CONVERSION = YES;
				CLANG_WARN_DEPRECATED_OBJC_IMPLEMENTATIONS = YES;
				CLANG_WARN_DIRECT_OBJC_ISA_USAGE = YES_ERROR;
				CLANG_WARN_DOCUMENTATION_COMMENTS = YES;
				CLANG_WARN_EMPTY_BODY = YES;
				CLANG_WARN_ENUM_CONVERSION = YES;
				CLANG_WARN_INFINITE_RECURSION = YES;
				CLANG_WARN_INT_CONVERSION = YES;
				CLANG_WARN_NON_LITERAL_NULL_CONVERSION = YES;
				CLANG_WARN_OBJC_IMPLICIT_RETAIN_SELF = YES;
				CLANG_WARN_OBJC_LITERAL_CONVERSION = YES;
				CLANG_WARN_OBJC_ROOT_CLASS = YES_ERROR;
				CLANG_WARN_QUOTED_INCLUDE_IN_FRAMEWORK_HEADER = YES;
				CLANG_WARN_RANGE_LOOP_ANALYSIS = YES;
				CLANG_WARN_STRICT_PROTOTYPES = YES;
				CLANG_WARN_SUSPICIOUS_MOVE = YES;
				CLANG_WARN_UNGUARDED_AVAILABILITY = YES_AGGRESSIVE;
				CLANG_WARN_UNREACHABLE_CODE = YES;
				CLANG_WARN__DUPLICATE_METHOD_MATCH = YES;
				COPY_PHASE_STRIP = NO;
				DEBUG_INFORMATION_FORMAT = dwarf;
				ENABLE_STRICT_OBJC_MSGSEND = YES;
				ENABLE_TESTABILITY = YES;
				GCC_C_LANGUAGE_STANDARD = gnu11;
				GCC_DYNAMIC_NO_PIC = NO;
				GCC_NO_COMMON_BLOCKS = YES;
				GCC_OPTIMIZATION_LEVEL = 0;
				GCC_PREPROCESSOR_DEFINITIONS = (
					"DEBUG=1",
					"$(inherited)",
				);
				GCC_WARN_64_TO_32_BIT_CONVERSION = YES;
				GCC_WARN_ABOUT_RETURN_TYPE = YES_ERROR;
				GCC_WARN_UNDECLARED_SELECTOR = YES;
				GCC_WARN_UNINITIALIZED_AUTOS = YES_AGGRESSIVE;
				GCC_WARN_UNUSED_FUNCTION = YES;
				GCC_WARN_UNUSED_VARIABLE = YES;
				IPHONEOS_DEPLOYMENT_TARGET = 15.0;
				MTL_ENABLE_DEBUG_INFO = INCLUDE_SOURCE;
				MTL_FAST_MATH = YES;
				ONLY_ACTIVE_ARCH = YES;
				SDKROOT = iphoneos;
				SWIFT_ACTIVE_COMPILATION_CONDITIONS = DEBUG;
				SWIFT_OPTIMIZATION_LEVEL = "-Onone";
			};
			name = Debug;
		};
		3785A44B2A13E5A100F8CC39 /* Release */ = {
			isa = XCBuildConfiguration;
			buildSettings = {
				ALWAYS_SEARCH_USER_PATHS = NO;
				CLANG_ANALYZER_NONNULL = YES;
				CLANG_ANALYZER_NUMBER_OBJECT_CONVERSION = YES_AGGRESSIVE;
				CLANG_CXX_LANGUAGE_STANDARD = "gnu++20";
				CLANG_ENABLE_MODULES = YES;
				CLANG_ENABLE_OBJC_ARC = YES;
				CLANG_ENABLE_OBJC_WEAK = YES;
				CLANG_WARN_BLOCK_CAPTURE_AUTORELEASING = YES;
				CLANG_WARN_BOOL_CONVERSION = YES;
				CLANG_WARN_COMMA = YES;
				CLANG_WARN_CONSTANT_CONVERSION = YES;
				CLANG_WARN_DEPRECATED_OBJC_IMPLEMENTATIONS = YES;
				CLANG_WARN_DIRECT_OBJC_ISA_USAGE = YES_ERROR;
				CLANG_WARN_DOCUMENTATION_COMMENTS = YES;
				CLANG_WARN_EMPTY_BODY = YES;
				CLANG_WARN_ENUM_CONVERSION = YES;
				CLANG_WARN_INFINITE_RECURSION = YES;
				CLANG_WARN_INT_CONVERSION = YES;
				CLANG_WARN_NON_LITERAL_NULL_CONVERSION = YES;
				CLANG_WARN_OBJC_IMPLICIT_RETAIN_SELF = YES;
				CLANG_WARN_OBJC_LITERAL_CONVERSION = YES;
				CLANG_WARN_OBJC_ROOT_CLASS = YES_ERROR;
				CLANG_WARN_QUOTED_INCLUDE_IN_FRAMEWORK_HEADER = YES;
				CLANG_WARN_RANGE_LOOP_ANALYSIS = YES;
				CLANG_WARN_STRICT_PROTOTYPES = YES;
				CLANG_WARN_SUSPICIOUS_MOVE = YES;
				CLANG_WARN_UNGUARDED_AVAILABILITY = YES_AGGRESSIVE;
				CLANG_WARN_UNREACHABLE_CODE = YES;
				CLANG_WARN__DUPLICATE_METHOD_MATCH = YES;
				COPY_PHASE_STRIP = NO;
				DEBUG_INFORMATION_FORMAT = "dwarf-with-dsym";
				ENABLE_NS_ASSERTIONS = NO;
				ENABLE_STRICT_OBJC_MSGSEND = YES;
				GCC_C_LANGUAGE_STANDARD = gnu11;
				GCC_NO_COMMON_BLOCKS = YES;
				GCC_WARN_64_TO_32_BIT_CONVERSION = YES;
				GCC_WARN_ABOUT_RETURN_TYPE = YES_ERROR;
				GCC_WARN_UNDECLARED_SELECTOR = YES;
				GCC_WARN_UNINITIALIZED_AUTOS = YES_AGGRESSIVE;
				GCC_WARN_UNUSED_FUNCTION = YES;
				GCC_WARN_UNUSED_VARIABLE = YES;
				IPHONEOS_DEPLOYMENT_TARGET = 15.0;
				MTL_ENABLE_DEBUG_INFO = NO;
				MTL_FAST_MATH = YES;
				SDKROOT = iphoneos;
				SWIFT_COMPILATION_MODE = wholemodule;
				SWIFT_OPTIMIZATION_LEVEL = "-O";
				VALIDATE_PRODUCT = YES;
			};
			name = Release;
		};
		3785A44D2A13E5A100F8CC39 /* Debug */ = {
			isa = XCBuildConfiguration;
			buildSettings = {
				ASSETCATALOG_COMPILER_APPICON_NAME = AppIcon;
				ASSETCATALOG_COMPILER_GLOBAL_ACCENT_COLOR_NAME = AccentColor;
				CODE_SIGN_STYLE = Automatic;
				CURRENT_PROJECT_VERSION = 1;
				DEVELOPMENT_ASSET_PATHS = "\"TicTacToe/Preview Content\"";
				ENABLE_PREVIEWS = YES;
				GENERATE_INFOPLIST_FILE = YES;
				INFOPLIST_KEY_UIApplicationSceneManifest_Generation = YES;
				INFOPLIST_KEY_UIApplicationSupportsIndirectInputEvents = YES;
				INFOPLIST_KEY_UILaunchScreen_Generation = YES;
				INFOPLIST_KEY_UILaunchStoryboardName = "Launch Screen.storyboard";
				INFOPLIST_KEY_UISupportedInterfaceOrientations = UIInterfaceOrientationPortrait;
				INFOPLIST_KEY_UISupportedInterfaceOrientations_iPad = "UIInterfaceOrientationLandscapeLeft UIInterfaceOrientationLandscapeRight UIInterfaceOrientationPortrait UIInterfaceOrientationPortraitUpsideDown";
				IPHONEOS_DEPLOYMENT_TARGET = 15.0;
				LD_RUNPATH_SEARCH_PATHS = (
					"$(inherited)",
					"@executable_path/Frameworks",
				);
				MARKETING_VERSION = 1.0;
				PRODUCT_BUNDLE_IDENTIFIER = com.ivanbaltazar.mx.TicTacToe;
				PRODUCT_NAME = "$(TARGET_NAME)";
				SWIFT_EMIT_LOC_STRINGS = YES;
				SWIFT_VERSION = 5.0;
				TARGETED_DEVICE_FAMILY = "1,2";
			};
			name = Debug;
		};
		3785A44E2A13E5A100F8CC39 /* Release */ = {
			isa = XCBuildConfiguration;
			buildSettings = {
				ASSETCATALOG_COMPILER_APPICON_NAME = AppIcon;
				ASSETCATALOG_COMPILER_GLOBAL_ACCENT_COLOR_NAME = AccentColor;
				CODE_SIGN_STYLE = Automatic;
				CURRENT_PROJECT_VERSION = 1;
				DEVELOPMENT_ASSET_PATHS = "\"TicTacToe/Preview Content\"";
				ENABLE_PREVIEWS = YES;
				GENERATE_INFOPLIST_FILE = YES;
				INFOPLIST_KEY_UIApplicationSceneManifest_Generation = YES;
				INFOPLIST_KEY_UIApplicationSupportsIndirectInputEvents = YES;
				INFOPLIST_KEY_UILaunchScreen_Generation = YES;
				INFOPLIST_KEY_UILaunchStoryboardName = "Launch Screen.storyboard";
				INFOPLIST_KEY_UISupportedInterfaceOrientations = UIInterfaceOrientationPortrait;
				INFOPLIST_KEY_UISupportedInterfaceOrientations_iPad = "UIInterfaceOrientationLandscapeLeft UIInterfaceOrientationLandscapeRight UIInterfaceOrientationPortrait UIInterfaceOrientationPortraitUpsideDown";
				IPHONEOS_DEPLOYMENT_TARGET = 15.0;
				LD_RUNPATH_SEARCH_PATHS = (
					"$(inherited)",
					"@executable_path/Frameworks",
				);
				MARKETING_VERSION = 1.0;
				PRODUCT_BUNDLE_IDENTIFIER = com.ivanbaltazar.mx.TicTacToe;
				PRODUCT_NAME = "$(TARGET_NAME)";
				SWIFT_EMIT_LOC_STRINGS = YES;
				SWIFT_VERSION = 5.0;
				TARGETED_DEVICE_FAMILY = "1,2";
			};
			name = Release;
		};
/* End XCBuildConfiguration section */

/* Begin XCConfigurationList section */
		3785A4392A13E5A000F8CC39 /* Build configuration list for PBXProject "TicTacToe" */ = {
			isa = XCConfigurationList;
			buildConfigurations = (
				3785A44A2A13E5A100F8CC39 /* Debug */,
				3785A44B2A13E5A100F8CC39 /* Release */,
			);
			defaultConfigurationIsVisible = 0;
			defaultConfigurationName = Release;
		};
		3785A44C2A13E5A100F8CC39 /* Build configuration list for PBXNativeTarget "TicTacToe" */ = {
			isa = XCConfigurationList;
			buildConfigurations = (
				3785A44D2A13E5A100F8CC39 /* Debug */,
				3785A44E2A13E5A100F8CC39 /* Release */,
			);
			defaultConfigurationIsVisible = 0;
			defaultConfigurationName = Release;
		};
/* End XCConfigurationList section */
	};
	rootObject = 3785A4362A13E5A000F8CC39 /* Project object */;
}
